// !$*UTF8*$!
{
	archiveVersion = 1;
	classes = {
	};
	objectVersion = 50;
	objects = {

/* Begin PBXBuildFile section */
		9CC7BB92216AC7FB00D8877E /* AppDelegate.swift in Sources */ = {isa = PBXBuildFile; fileRef = 9CC7BB91216AC7FB00D8877E /* AppDelegate.swift */; };
		9CC7BB97216AC7FB00D8877E /* Main.storyboard in Resources */ = {isa = PBXBuildFile; fileRef = 9CC7BB95216AC7FB00D8877E /* Main.storyboard */; };
		9CC7BB99216AC7FB00D8877E /* Assets.xcassets in Resources */ = {isa = PBXBuildFile; fileRef = 9CC7BB98216AC7FB00D8877E /* Assets.xcassets */; };
		9CC7BB9C216AC7FB00D8877E /* LaunchScreen.storyboard in Resources */ = {isa = PBXBuildFile; fileRef = 9CC7BB9A216AC7FB00D8877E /* LaunchScreen.storyboard */; };
		9CC7BBA7216AC7FB00D8877E /* WorldTrotterTests.swift in Sources */ = {isa = PBXBuildFile; fileRef = 9CC7BBA6216AC7FB00D8877E /* WorldTrotterTests.swift */; };
		9CC7BBB2216AC7FB00D8877E /* WorldTrotterUITests.swift in Sources */ = {isa = PBXBuildFile; fileRef = 9CC7BBB1216AC7FB00D8877E /* WorldTrotterUITests.swift */; };
		9CC7BBC0216D861800D8877E /* ConversionViewController.swift in Sources */ = {isa = PBXBuildFile; fileRef = 9CC7BBBF216D861800D8877E /* ConversionViewController.swift */; };
/* End PBXBuildFile section */

/* Begin PBXContainerItemProxy section */
		9CC7BBA3216AC7FB00D8877E /* PBXContainerItemProxy */ = {
			isa = PBXContainerItemProxy;
			containerPortal = 9CC7BB86216AC7FB00D8877E /* Project object */;
			proxyType = 1;
			remoteGlobalIDString = 9CC7BB8D216AC7FB00D8877E;
			remoteInfo = WorldTrotter;
		};
		9CC7BBAE216AC7FB00D8877E /* PBXContainerItemProxy */ = {
			isa = PBXContainerItemProxy;
			containerPortal = 9CC7BB86216AC7FB00D8877E /* Project object */;
			proxyType = 1;
			remoteGlobalIDString = 9CC7BB8D216AC7FB00D8877E;
			remoteInfo = WorldTrotter;
		};
/* End PBXContainerItemProxy section */

/* Begin PBXFileReference section */
		9CC7BB8E216AC7FB00D8877E /* WorldTrotter.app */ = {isa = PBXFileReference; explicitFileType = wrapper.application; includeInIndex = 0; path = WorldTrotter.app; sourceTree = BUILT_PRODUCTS_DIR; };
		9CC7BB91216AC7FB00D8877E /* AppDelegate.swift */ = {isa = PBXFileReference; lastKnownFileType = sourcecode.swift; path = AppDelegate.swift; sourceTree = "<group>"; };
		9CC7BB96216AC7FB00D8877E /* Base */ = {isa = PBXFileReference; lastKnownFileType = file.storyboard; name = Base; path = Base.lproj/Main.storyboard; sourceTree = "<group>"; };
		9CC7BB98216AC7FB00D8877E /* Assets.xcassets */ = {isa = PBXFileReference; lastKnownFileType = folder.assetcatalog; path = Assets.xcassets; sourceTree = "<group>"; };
		9CC7BB9B216AC7FB00D8877E /* Base */ = {isa = PBXFileReference; lastKnownFileType = file.storyboard; name = Base; path = Base.lproj/LaunchScreen.storyboard; sourceTree = "<group>"; };
		9CC7BB9D216AC7FB00D8877E /* Info.plist */ = {isa = PBXFileReference; lastKnownFileType = text.plist.xml; path = Info.plist; sourceTree = "<group>"; };
		9CC7BBA2216AC7FB00D8877E /* WorldTrotterTests.xctest */ = {isa = PBXFileReference; explicitFileType = wrapper.cfbundle; includeInIndex = 0; path = WorldTrotterTests.xctest; sourceTree = BUILT_PRODUCTS_DIR; };
		9CC7BBA6216AC7FB00D8877E /* WorldTrotterTests.swift */ = {isa = PBXFileReference; lastKnownFileType = sourcecode.swift; path = WorldTrotterTests.swift; sourceTree = "<group>"; };
		9CC7BBA8216AC7FB00D8877E /* Info.plist */ = {isa = PBXFileReference; lastKnownFileType = text.plist.xml; path = Info.plist; sourceTree = "<group>"; };
		9CC7BBAD216AC7FB00D8877E /* WorldTrotterUITests.xctest */ = {isa = PBXFileReference; explicitFileType = wrapper.cfbundle; includeInIndex = 0; path = WorldTrotterUITests.xctest; sourceTree = BUILT_PRODUCTS_DIR; };
		9CC7BBB1216AC7FB00D8877E /* WorldTrotterUITests.swift */ = {isa = PBXFileReference; lastKnownFileType = sourcecode.swift; path = WorldTrotterUITests.swift; sourceTree = "<group>"; };
		9CC7BBB3216AC7FB00D8877E /* Info.plist */ = {isa = PBXFileReference; lastKnownFileType = text.plist.xml; path = Info.plist; sourceTree = "<group>"; };
		9CC7BBBF216D861800D8877E /* ConversionViewController.swift */ = {isa = PBXFileReference; lastKnownFileType = sourcecode.swift; path = ConversionViewController.swift; sourceTree = "<group>"; };
/* End PBXFileReference section */

/* Begin PBXFrameworksBuildPhase section */
		9CC7BB8B216AC7FB00D8877E /* Frameworks */ = {
			isa = PBXFrameworksBuildPhase;
			buildActionMask = 2147483647;
			files = (
			);
			runOnlyForDeploymentPostprocessing = 0;
		};
		9CC7BB9F216AC7FB00D8877E /* Frameworks */ = {
			isa = PBXFrameworksBuildPhase;
			buildActionMask = 2147483647;
			files = (
			);
			runOnlyForDeploymentPostprocessing = 0;
		};
		9CC7BBAA216AC7FB00D8877E /* Frameworks */ = {
			isa = PBXFrameworksBuildPhase;
			buildActionMask = 2147483647;
			files = (
			);
			runOnlyForDeploymentPostprocessing = 0;
		};
/* End PBXFrameworksBuildPhase section */

/* Begin PBXGroup section */
		9CC7BB85216AC7FB00D8877E = {
			isa = PBXGroup;
			children = (
				9CC7BB90216AC7FB00D8877E /* WorldTrotter */,
				9CC7BBA5216AC7FB00D8877E /* WorldTrotterTests */,
				9CC7BBB0216AC7FB00D8877E /* WorldTrotterUITests */,
				9CC7BB8F216AC7FB00D8877E /* Products */,
			);
			sourceTree = "<group>";
		};
		9CC7BB8F216AC7FB00D8877E /* Products */ = {
			isa = PBXGroup;
			children = (
				9CC7BB8E216AC7FB00D8877E /* WorldTrotter.app */,
				9CC7BBA2216AC7FB00D8877E /* WorldTrotterTests.xctest */,
				9CC7BBAD216AC7FB00D8877E /* WorldTrotterUITests.xctest */,
			);
			name = Products;
			sourceTree = "<group>";
		};
		9CC7BB90216AC7FB00D8877E /* WorldTrotter */ = {
			isa = PBXGroup;
			children = (
				9CC7BB91216AC7FB00D8877E /* AppDelegate.swift */,
				9CC7BB95216AC7FB00D8877E /* Main.storyboard */,
				9CC7BBBF216D861800D8877E /* ConversionViewController.swift */,
				9CC7BB98216AC7FB00D8877E /* Assets.xcassets */,
				9CC7BB9A216AC7FB00D8877E /* LaunchScreen.storyboard */,
				9CC7BB9D216AC7FB00D8877E /* Info.plist */,
			);
			path = WorldTrotter;
			sourceTree = "<group>";
		};
		9CC7BBA5216AC7FB00D8877E /* WorldTrotterTests */ = {
			isa = PBXGroup;
			children = (
				9CC7BBA6216AC7FB00D8877E /* WorldTrotterTests.swift */,
				9CC7BBA8216AC7FB00D8877E /* Info.plist */,
			);
			path = WorldTrotterTests;
			sourceTree = "<group>";
		};
		9CC7BBB0216AC7FB00D8877E /* WorldTrotterUITests */ = {
			isa = PBXGroup;
			children = (
				9CC7BBB1216AC7FB00D8877E /* WorldTrotterUITests.swift */,
				9CC7BBB3216AC7FB00D8877E /* Info.plist */,
			);
			path = WorldTrotterUITests;
			sourceTree = "<group>";
		};
/* End PBXGroup section */

/* Begin PBXNativeTarget section */
		9CC7BB8D216AC7FB00D8877E /* WorldTrotter */ = {
			isa = PBXNativeTarget;
			buildConfigurationList = 9CC7BBB6216AC7FB00D8877E /* Build configuration list for PBXNativeTarget "WorldTrotter" */;
			buildPhases = (
				9CC7BB8A216AC7FB00D8877E /* Sources */,
				9CC7BB8B216AC7FB00D8877E /* Frameworks */,
				9CC7BB8C216AC7FB00D8877E /* Resources */,
			);
			buildRules = (
			);
			dependencies = (
			);
			name = WorldTrotter;
			productName = WorldTrotter;
			productReference = 9CC7BB8E216AC7FB00D8877E /* WorldTrotter.app */;
			productType = "com.apple.product-type.application";
		};
		9CC7BBA1216AC7FB00D8877E /* WorldTrotterTests */ = {
			isa = PBXNativeTarget;
			buildConfigurationList = 9CC7BBB9216AC7FB00D8877E /* Build configuration list for PBXNativeTarget "WorldTrotterTests" */;
			buildPhases = (
				9CC7BB9E216AC7FB00D8877E /* Sources */,
				9CC7BB9F216AC7FB00D8877E /* Frameworks */,
				9CC7BBA0216AC7FB00D8877E /* Resources */,
			);
			buildRules = (
			);
			dependencies = (
				9CC7BBA4216AC7FB00D8877E /* PBXTargetDependency */,
			);
			name = WorldTrotterTests;
			productName = WorldTrotterTests;
			productReference = 9CC7BBA2216AC7FB00D8877E /* WorldTrotterTests.xctest */;
			productType = "com.apple.product-type.bundle.unit-test";
		};
		9CC7BBAC216AC7FB00D8877E /* WorldTrotterUITests */ = {
			isa = PBXNativeTarget;
			buildConfigurationList = 9CC7BBBC216AC7FB00D8877E /* Build configuration list for PBXNativeTarget "WorldTrotterUITests" */;
			buildPhases = (
				9CC7BBA9216AC7FB00D8877E /* Sources */,
				9CC7BBAA216AC7FB00D8877E /* Frameworks */,
				9CC7BBAB216AC7FB00D8877E /* Resources */,
			);
			buildRules = (
			);
			dependencies = (
				9CC7BBAF216AC7FB00D8877E /* PBXTargetDependency */,
			);
			name = WorldTrotterUITests;
			productName = WorldTrotterUITests;
			productReference = 9CC7BBAD216AC7FB00D8877E /* WorldTrotterUITests.xctest */;
			productType = "com.apple.product-type.bundle.ui-testing";
		};
/* End PBXNativeTarget section */

/* Begin PBXProject section */
		9CC7BB86216AC7FB00D8877E /* Project object */ = {
			isa = PBXProject;
			attributes = {
				LastSwiftUpdateCheck = 1000;
				LastUpgradeCheck = 1000;
				ORGANIZATIONNAME = "Patrick Temple";
				TargetAttributes = {
					9CC7BB8D216AC7FB00D8877E = {
						CreatedOnToolsVersion = 10.0;
					};
					9CC7BBA1216AC7FB00D8877E = {
						CreatedOnToolsVersion = 10.0;
						TestTargetID = 9CC7BB8D216AC7FB00D8877E;
					};
					9CC7BBAC216AC7FB00D8877E = {
						CreatedOnToolsVersion = 10.0;
						TestTargetID = 9CC7BB8D216AC7FB00D8877E;
					};
				};
			};
			buildConfigurationList = 9CC7BB89216AC7FB00D8877E /* Build configuration list for PBXProject "WorldTrotter" */;
			compatibilityVersion = "Xcode 9.3";
			developmentRegion = en;
			hasScannedForEncodings = 0;
			knownRegions = (
				en,
				Base,
			);
			mainGroup = 9CC7BB85216AC7FB00D8877E;
			productRefGroup = 9CC7BB8F216AC7FB00D8877E /* Products */;
			projectDirPath = "";
			projectRoot = "";
			targets = (
				9CC7BB8D216AC7FB00D8877E /* WorldTrotter */,
				9CC7BBA1216AC7FB00D8877E /* WorldTrotterTests */,
				9CC7BBAC216AC7FB00D8877E /* WorldTrotterUITests */,
			);
		};
/* End PBXProject section */

/* Begin PBXResourcesBuildPhase section */
		9CC7BB8C216AC7FB00D8877E /* Resources */ = {
			isa = PBXResourcesBuildPhase;
			buildActionMask = 2147483647;
			files = (
				9CC7BB9C216AC7FB00D8877E /* LaunchScreen.storyboard in Resources */,
				9CC7BB99216AC7FB00D8877E /* Assets.xcassets in Resources */,
				9CC7BB97216AC7FB00D8877E /* Main.storyboard in Resources */,
			);
			runOnlyForDeploymentPostprocessing = 0;
		};
		9CC7BBA0216AC7FB00D8877E /* Resources */ = {
			isa = PBXResourcesBuildPhase;
			buildActionMask = 2147483647;
			files = (
			);
			runOnlyForDeploymentPostprocessing = 0;
		};
		9CC7BBAB216AC7FB00D8877E /* Resources */ = {
			isa = PBXResourcesBuildPhase;
			buildActionMask = 2147483647;
			files = (
			);
			runOnlyForDeploymentPostprocessing = 0;
		};
/* End PBXResourcesBuildPhase section */

/* Begin PBXSourcesBuildPhase section */
		9CC7BB8A216AC7FB00D8877E /* Sources */ = {
			isa = PBXSourcesBuildPhase;
			buildActionMask = 2147483647;
			files = (
				9CC7BBC0216D861800D8877E /* ConversionViewController.swift in Sources */,
				9CC7BB92216AC7FB00D8877E /* AppDelegate.swift in Sources */,
			);
			runOnlyForDeploymentPostprocessing = 0;
		};
		9CC7BB9E216AC7FB00D8877E /* Sources */ = {
			isa = PBXSourcesBuildPhase;
			buildActionMask = 2147483647;
			files = (
				9CC7BBA7216AC7FB00D8877E /* WorldTrotterTests.swift in Sources */,
			);
			runOnlyForDeploymentPostprocessing = 0;
		};
		9CC7BBA9216AC7FB00D8877E /* Sources */ = {
			isa = PBXSourcesBuildPhase;
			buildActionMask = 2147483647;
			files = (
				9CC7BBB2216AC7FB00D8877E /* WorldTrotterUITests.swift in Sources */,
			);
			runOnlyForDeploymentPostprocessing = 0;
		};
/* End PBXSourcesBuildPhase section */

/* Begin PBXTargetDependency section */
		9CC7BBA4216AC7FB00D8877E /* PBXTargetDependency */ = {
			isa = PBXTargetDependency;
			target = 9CC7BB8D216AC7FB00D8877E /* WorldTrotter */;
			targetProxy = 9CC7BBA3216AC7FB00D8877E /* PBXContainerItemProxy */;
		};
		9CC7BBAF216AC7FB00D8877E /* PBXTargetDependency */ = {
			isa = PBXTargetDependency;
			target = 9CC7BB8D216AC7FB00D8877E /* WorldTrotter */;
			targetProxy = 9CC7BBAE216AC7FB00D8877E /* PBXContainerItemProxy */;
		};
/* End PBXTargetDependency section */

/* Begin PBXVariantGroup section */
		9CC7BB95216AC7FB00D8877E /* Main.storyboard */ = {
			isa = PBXVariantGroup;
			children = (
				9CC7BB96216AC7FB00D8877E /* Base */,
			);
			name = Main.storyboard;
			sourceTree = "<group>";
		};
		9CC7BB9A216AC7FB00D8877E /* LaunchScreen.storyboard */ = {
			isa = PBXVariantGroup;
			children = (
				9CC7BB9B216AC7FB00D8877E /* Base */,
			);
			name = LaunchScreen.storyboard;
			sourceTree = "<group>";
		};
/* End PBXVariantGroup section */

/* Begin XCBuildConfiguration section */
		9CC7BBB4216AC7FB00D8877E /* Debug */ = {
			isa = XCBuildConfiguration;
			buildSettings = {
				ALWAYS_SEARCH_USER_PATHS = NO;
				CLANG_ANALYZER_NONNULL = YES;
				CLANG_ANALYZER_NUMBER_OBJECT_CONVERSION = YES_AGGRESSIVE;
				CLANG_CXX_LANGUAGE_STANDARD = "gnu++14";
				CLANG_CXX_LIBRARY = "libc++";
				CLANG_ENABLE_MODULES = YES;
				CLANG_ENABLE_OBJC_ARC = YES;
				CLANG_ENABLE_OBJC_WEAK = YES;
				CLANG_WARN_BLOCK_CAPTURE_AUTORELEASING = YES;
				CLANG_WARN_BOOL_CONVERSION = YES;
				CLANG_WARN_COMMA = YES;
				CLANG_WARN_CONSTANT_CONVERSION = YES;
				CLANG_WARN_DEPRECATED_OBJC_IMPLEMENTATIONS = YES;
				CLANG_WARN_DIRECT_OBJC_ISA_USAGE = YES_ERROR;
				CLANG_WARN_DOCUMENTATION_COMMENTS = YES;
				CLANG_WARN_EMPTY_BODY = YES;
				CLANG_WARN_ENUM_CONVERSION = YES;
				CLANG_WARN_INFINITE_RECURSION = YES;
				CLANG_WARN_INT_CONVERSION = YES;
				CLANG_WARN_NON_LITERAL_NULL_CONVERSION = YES;
				CLANG_WARN_OBJC_IMPLICIT_RETAIN_SELF = YES;
				CLANG_WARN_OBJC_LITERAL_CONVERSION = YES;
				CLANG_WARN_OBJC_ROOT_CLASS = YES_ERROR;
				CLANG_WARN_RANGE_LOOP_ANALYSIS = YES;
				CLANG_WARN_STRICT_PROTOTYPES = YES;
				CLANG_WARN_SUSPICIOUS_MOVE = YES;
				CLANG_WARN_UNGUARDED_AVAILABILITY = YES_AGGRESSIVE;
				CLANG_WARN_UNREACHABLE_CODE = YES;
				CLANG_WARN__DUPLICATE_METHOD_MATCH = YES;
				CODE_SIGN_IDENTITY = "iPhone Developer";
				COPY_PHASE_STRIP = NO;
				DEBUG_INFORMATION_FORMAT = dwarf;
				ENABLE_STRICT_OBJC_MSGSEND = YES;
				ENABLE_TESTABILITY = YES;
				GCC_C_LANGUAGE_STANDARD = gnu11;
				GCC_DYNAMIC_NO_PIC = NO;
				GCC_NO_COMMON_BLOCKS = YES;
				GCC_OPTIMIZATION_LEVEL = 0;
				GCC_PREPROCESSOR_DEFINITIONS = (
					"DEBUG=1",
					"$(inherited)",
				);
				GCC_WARN_64_TO_32_BIT_CONVERSION = YES;
				GCC_WARN_ABOUT_RETURN_TYPE = YES_ERROR;
				GCC_WARN_UNDECLARED_SELECTOR = YES;
				GCC_WARN_UNINITIALIZED_AUTOS = YES_AGGRESSIVE;
				GCC_WARN_UNUSED_FUNCTION = YES;
				GCC_WARN_UNUSED_VARIABLE = YES;
				IPHONEOS_DEPLOYMENT_TARGET = 12.0;
				MTL_ENABLE_DEBUG_INFO = INCLUDE_SOURCE;
				MTL_FAST_MATH = YES;
				ONLY_ACTIVE_ARCH = YES;
				SDKROOT = iphoneos;
				SWIFT_ACTIVE_COMPILATION_CONDITIONS = DEBUG;
				SWIFT_OPTIMIZATION_LEVEL = "-Onone";
			};
			name = Debug;
		};
		9CC7BBB5216AC7FB00D8877E /* Release */ = {
			isa = XCBuildConfiguration;
			buildSettings = {
				ALWAYS_SEARCH_USER_PATHS = NO;
				CLANG_ANALYZER_NONNULL = YES;
				CLANG_ANALYZER_NUMBER_OBJECT_CONVERSION = YES_AGGRESSIVE;
				CLANG_CXX_LANGUAGE_STANDARD = "gnu++14";
				CLANG_CXX_LIBRARY = "libc++";
				CLANG_ENABLE_MODULES = YES;
				CLANG_ENABLE_OBJC_ARC = YES;
				CLANG_ENABLE_OBJC_WEAK = YES;
				CLANG_WARN_BLOCK_CAPTURE_AUTORELEASING = YES;
				CLANG_WARN_BOOL_CONVERSION = YES;
				CLANG_WARN_COMMA = YES;
				CLANG_WARN_CONSTANT_CONVERSION = YES;
				CLANG_WARN_DEPRECATED_OBJC_IMPLEMENTATIONS = YES;
				CLANG_WARN_DIRECT_OBJC_ISA_USAGE = YES_ERROR;
				CLANG_WARN_DOCUMENTATION_COMMENTS = YES;
				CLANG_WARN_EMPTY_BODY = YES;
				CLANG_WARN_ENUM_CONVERSION = YES;
				CLANG_WARN_INFINITE_RECURSION = YES;
				CLANG_WARN_INT_CONVERSION = YES;
				CLANG_WARN_NON_LITERAL_NULL_CONVERSION = YES;
				CLANG_WARN_OBJC_IMPLICIT_RETAIN_SELF = YES;
				CLANG_WARN_OBJC_LITERAL_CONVERSION = YES;
				CLANG_WARN_OBJC_ROOT_CLASS = YES_ERROR;
				CLANG_WARN_RANGE_LOOP_ANALYSIS = YES;
				CLANG_WARN_STRICT_PROTOTYPES = YES;
				CLANG_WARN_SUSPICIOUS_MOVE = YES;
				CLANG_WARN_UNGUARDED_AVAILABILITY = YES_AGGRESSIVE;
				CLANG_WARN_UNREACHABLE_CODE = YES;
				CLANG_WARN__DUPLICATE_METHOD_MATCH = YES;
				CODE_SIGN_IDENTITY = "iPhone Developer";
				COPY_PHASE_STRIP = NO;
				DEBUG_INFORMATION_FORMAT = "dwarf-with-dsym";
				ENABLE_NS_ASSERTIONS = NO;
				ENABLE_STRICT_OBJC_MSGSEND = YES;
				GCC_C_LANGUAGE_STANDARD = gnu11;
				GCC_NO_COMMON_BLOCKS = YES;
				GCC_WARN_64_TO_32_BIT_CONVERSION = YES;
				GCC_WARN_ABOUT_RETURN_TYPE = YES_ERROR;
				GCC_WARN_UNDECLARED_SELECTOR = YES;
				GCC_WARN_UNINITIALIZED_AUTOS = YES_AGGRESSIVE;
				GCC_WARN_UNUSED_FUNCTION = YES;
				GCC_WARN_UNUSED_VARIABLE = YES;
				IPHONEOS_DEPLOYMENT_TARGET = 12.0;
				MTL_ENABLE_DEBUG_INFO = NO;
				MTL_FAST_MATH = YES;
				SDKROOT = iphoneos;
				SWIFT_COMPILATION_MODE = wholemodule;
				SWIFT_OPTIMIZATION_LEVEL = "-O";
				VALIDATE_PRODUCT = YES;
			};
			name = Release;
		};
		9CC7BBB7216AC7FB00D8877E /* Debug */ = {
			isa = XCBuildConfiguration;
			buildSettings = {
				ASSETCATALOG_COMPILER_APPICON_NAME = AppIcon;
				CODE_SIGN_STYLE = Automatic;
				INFOPLIST_FILE = WorldTrotter/Info.plist;
				LD_RUNPATH_SEARCH_PATHS = (
					"$(inherited)",
					"@executable_path/Frameworks",
				);
				PRODUCT_BUNDLE_IDENTIFIER = com.patricktemple.WorldTrotter;
				PRODUCT_NAME = "$(TARGET_NAME)";
				SWIFT_VERSION = 4.2;
				TARGETED_DEVICE_FAMILY = "1,2";
			};
			name = Debug;
		};
		9CC7BBB8216AC7FB00D8877E /* Release */ = {
			isa = XCBuildConfiguration;
			buildSettings = {
				ASSETCATALOG_COMPILER_APPICON_NAME = AppIcon;
				CODE_SIGN_STYLE = Automatic;
				INFOPLIST_FILE = WorldTrotter/Info.plist;
				LD_RUNPATH_SEARCH_PATHS = (
					"$(inherited)",
					"@executable_path/Frameworks",
				);
				PRODUCT_BUNDLE_IDENTIFIER = com.patricktemple.WorldTrotter;
				PRODUCT_NAME = "$(TARGET_NAME)";
				SWIFT_VERSION = 4.2;
				TARGETED_DEVICE_FAMILY = "1,2";
			};
			name = Release;
		};
		9CC7BBBA216AC7FB00D8877E /* Debug */ = {
			isa = XCBuildConfiguration;
			buildSettings = {
				ALWAYS_EMBED_SWIFT_STANDARD_LIBRARIES = YES;
				BUNDLE_LOADER = "$(TEST_HOST)";
				CODE_SIGN_STYLE = Automatic;
				INFOPLIST_FILE = WorldTrotterTests/Info.plist;
				LD_RUNPATH_SEARCH_PATHS = (
					"$(inherited)",
					"@executable_path/Frameworks",
					"@loader_path/Frameworks",
				);
				PRODUCT_BUNDLE_IDENTIFIER = com.patricktemple.WorldTrotterTests;
				PRODUCT_NAME = "$(TARGET_NAME)";
				SWIFT_VERSION = 4.2;
				TARGETED_DEVICE_FAMILY = "1,2";
				TEST_HOST = "$(BUILT_PRODUCTS_DIR)/WorldTrotter.app/WorldTrotter";
			};
			name = Debug;
		};
		9CC7BBBB216AC7FB00D8877E /* Release */ = {
			isa = XCBuildConfiguration;
			buildSettings = {
				ALWAYS_EMBED_SWIFT_STANDARD_LIBRARIES = YES;
				BUNDLE_LOADER = "$(TEST_HOST)";
				CODE_SIGN_STYLE = Automatic;
				INFOPLIST_FILE = WorldTrotterTests/Info.plist;
				LD_RUNPATH_SEARCH_PATHS = (
					"$(inherited)",
					"@executable_path/Frameworks",
					"@loader_path/Frameworks",
				);
				PRODUCT_BUNDLE_IDENTIFIER = com.patricktemple.WorldTrotterTests;
				PRODUCT_NAME = "$(TARGET_NAME)";
				SWIFT_VERSION = 4.2;
				TARGETED_DEVICE_FAMILY = "1,2";
				TEST_HOST = "$(BUILT_PRODUCTS_DIR)/WorldTrotter.app/WorldTrotter";
			};
			name = Release;
		};
		9CC7BBBD216AC7FB00D8877E /* Debug */ = {
			isa = XCBuildConfiguration;
			buildSettings = {
				ALWAYS_EMBED_SWIFT_STANDARD_LIBRARIES = YES;
				CODE_SIGN_STYLE = Automatic;
				INFOPLIST_FILE = WorldTrotterUITests/Info.plist;
				LD_RUNPATH_SEARCH_PATHS = (
					"$(inherited)",
					"@executable_path/Frameworks",
					"@loader_path/Frameworks",
				);
				PRODUCT_BUNDLE_IDENTIFIER = com.patricktemple.WorldTrotterUITests;
				PRODUCT_NAME = "$(TARGET_NAME)";
				SWIFT_VERSION = 4.2;
				TARGETED_DEVICE_FAMILY = "1,2";
				TEST_TARGET_NAME = WorldTrotter;
			};
			name = Debug;
		};
		9CC7BBBE216AC7FB00D8877E /* Release */ = {
			isa = XCBuildConfiguration;
			buildSettings = {
				ALWAYS_EMBED_SWIFT_STANDARD_LIBRARIES = YES;
				CODE_SIGN_STYLE = Automatic;
				INFOPLIST_FILE = WorldTrotterUITests/Info.plist;
				LD_RUNPATH_SEARCH_PATHS = (
					"$(inherited)",
					"@executable_path/Frameworks",
					"@loader_path/Frameworks",
				);
				PRODUCT_BUNDLE_IDENTIFIER = com.patricktemple.WorldTrotterUITests;
				PRODUCT_NAME = "$(TARGET_NAME)";
				SWIFT_VERSION = 4.2;
				TARGETED_DEVICE_FAMILY = "1,2";
				TEST_TARGET_NAME = WorldTrotter;
			};
			name = Release;
		};
/* End XCBuildConfiguration section */

/* Begin XCConfigurationList section */
		9CC7BB89216AC7FB00D8877E /* Build configuration list for PBXProject "WorldTrotter" */ = {
			isa = XCConfigurationList;
			buildConfigurations = (
				9CC7BBB4216AC7FB00D8877E /* Debug */,
				9CC7BBB5216AC7FB00D8877E /* Release */,
			);
			defaultConfigurationIsVisible = 0;
			defaultConfigurationName = Release;
		};
		9CC7BBB6216AC7FB00D8877E /* Build configuration list for PBXNativeTarget "WorldTrotter" */ = {
			isa = XCConfigurationList;
			buildConfigurations = (
				9CC7BBB7216AC7FB00D8877E /* Debug */,
				9CC7BBB8216AC7FB00D8877E /* Release */,
			);
			defaultConfigurationIsVisible = 0;
			defaultConfigurationName = Release;
		};
		9CC7BBB9216AC7FB00D8877E /* Build configuration list for PBXNativeTarget "WorldTrotterTests" */ = {
			isa = XCConfigurationList;
			buildConfigurations = (
				9CC7BBBA216AC7FB00D8877E /* Debug */,
				9CC7BBBB216AC7FB00D8877E /* Release */,
			);
			defaultConfigurationIsVisible = 0;
			defaultConfigurationName = Release;
		};
		9CC7BBBC216AC7FB00D8877E /* Build configuration list for PBXNativeTarget "WorldTrotterUITests" */ = {
			isa = XCConfigurationList;
			buildConfigurations = (
				9CC7BBBD216AC7FB00D8877E /* Debug */,
				9CC7BBBE216AC7FB00D8877E /* Release */,
			);
			defaultConfigurationIsVisible = 0;
			defaultConfigurationName = Release;
		};
/* End XCConfigurationList section */
	};
	rootObject = 9CC7BB86216AC7FB00D8877E /* Project object */;
}
