// !$*UTF8*$!
{
	archiveVersion = 1;
	classes = {
	};
	objectVersion = 50;
	objects = {

/* Begin PBXBuildFile section */
		9CD387E6216AAC45000ED69D /* AppDelegate.swift in Sources */ = {isa = PBXBuildFile; fileRef = 9CD387E5216AAC45000ED69D /* AppDelegate.swift */; };
		9CD387E8216AAC45000ED69D /* ViewController.swift in Sources */ = {isa = PBXBuildFile; fileRef = 9CD387E7216AAC45000ED69D /* ViewController.swift */; };
		9CD387EB216AAC45000ED69D /* Main.storyboard in Resources */ = {isa = PBXBuildFile; fileRef = 9CD387E9216AAC45000ED69D /* Main.storyboard */; };
		9CD387ED216AAC46000ED69D /* Assets.xcassets in Resources */ = {isa = PBXBuildFile; fileRef = 9CD387EC216AAC46000ED69D /* Assets.xcassets */; };
		9CD387F0216AAC46000ED69D /* LaunchScreen.storyboard in Resources */ = {isa = PBXBuildFile; fileRef = 9CD387EE216AAC46000ED69D /* LaunchScreen.storyboard */; };
		9CD387FB216AAC46000ED69D /* QuizTests.swift in Sources */ = {isa = PBXBuildFile; fileRef = 9CD387FA216AAC46000ED69D /* QuizTests.swift */; };
		9CD38806216AAC46000ED69D /* QuizUITests.swift in Sources */ = {isa = PBXBuildFile; fileRef = 9CD38805216AAC46000ED69D /* QuizUITests.swift */; };
/* End PBXBuildFile section */

/* Begin PBXContainerItemProxy section */
		9CD387F7216AAC46000ED69D /* PBXContainerItemProxy */ = {
			isa = PBXContainerItemProxy;
			containerPortal = 9CD387DA216AAC45000ED69D /* Project object */;
			proxyType = 1;
			remoteGlobalIDString = 9CD387E1216AAC45000ED69D;
			remoteInfo = Quiz;
		};
		9CD38802216AAC46000ED69D /* PBXContainerItemProxy */ = {
			isa = PBXContainerItemProxy;
			containerPortal = 9CD387DA216AAC45000ED69D /* Project object */;
			proxyType = 1;
			remoteGlobalIDString = 9CD387E1216AAC45000ED69D;
			remoteInfo = Quiz;
		};
/* End PBXContainerItemProxy section */

/* Begin PBXFileReference section */
		9CD387E2216AAC45000ED69D /* Quiz.app */ = {isa = PBXFileReference; explicitFileType = wrapper.application; includeInIndex = 0; path = Quiz.app; sourceTree = BUILT_PRODUCTS_DIR; };
		9CD387E5216AAC45000ED69D /* AppDelegate.swift */ = {isa = PBXFileReference; lastKnownFileType = sourcecode.swift; path = AppDelegate.swift; sourceTree = "<group>"; };
		9CD387E7216AAC45000ED69D /* ViewController.swift */ = {isa = PBXFileReference; lastKnownFileType = sourcecode.swift; path = ViewController.swift; sourceTree = "<group>"; };
		9CD387EA216AAC45000ED69D /* Base */ = {isa = PBXFileReference; lastKnownFileType = file.storyboard; name = Base; path = Base.lproj/Main.storyboard; sourceTree = "<group>"; };
		9CD387EC216AAC46000ED69D /* Assets.xcassets */ = {isa = PBXFileReference; lastKnownFileType = folder.assetcatalog; path = Assets.xcassets; sourceTree = "<group>"; };
		9CD387EF216AAC46000ED69D /* Base */ = {isa = PBXFileReference; lastKnownFileType = file.storyboard; name = Base; path = Base.lproj/LaunchScreen.storyboard; sourceTree = "<group>"; };
		9CD387F1216AAC46000ED69D /* Info.plist */ = {isa = PBXFileReference; lastKnownFileType = text.plist.xml; path = Info.plist; sourceTree = "<group>"; };
		9CD387F6216AAC46000ED69D /* QuizTests.xctest */ = {isa = PBXFileReference; explicitFileType = wrapper.cfbundle; includeInIndex = 0; path = QuizTests.xctest; sourceTree = BUILT_PRODUCTS_DIR; };
		9CD387FA216AAC46000ED69D /* QuizTests.swift */ = {isa = PBXFileReference; lastKnownFileType = sourcecode.swift; path = QuizTests.swift; sourceTree = "<group>"; };
		9CD387FC216AAC46000ED69D /* Info.plist */ = {isa = PBXFileReference; lastKnownFileType = text.plist.xml; path = Info.plist; sourceTree = "<group>"; };
		9CD38801216AAC46000ED69D /* QuizUITests.xctest */ = {isa = PBXFileReference; explicitFileType = wrapper.cfbundle; includeInIndex = 0; path = QuizUITests.xctest; sourceTree = BUILT_PRODUCTS_DIR; };
		9CD38805216AAC46000ED69D /* QuizUITests.swift */ = {isa = PBXFileReference; lastKnownFileType = sourcecode.swift; path = QuizUITests.swift; sourceTree = "<group>"; };
		9CD38807216AAC46000ED69D /* Info.plist */ = {isa = PBXFileReference; lastKnownFileType = text.plist.xml; path = Info.plist; sourceTree = "<group>"; };
/* End PBXFileReference section */

/* Begin PBXFrameworksBuildPhase section */
		9CD387DF216AAC45000ED69D /* Frameworks */ = {
			isa = PBXFrameworksBuildPhase;
			buildActionMask = 2147483647;
			files = (
			);
			runOnlyForDeploymentPostprocessing = 0;
		};
		9CD387F3216AAC46000ED69D /* Frameworks */ = {
			isa = PBXFrameworksBuildPhase;
			buildActionMask = 2147483647;
			files = (
			);
			runOnlyForDeploymentPostprocessing = 0;
		};
		9CD387FE216AAC46000ED69D /* Frameworks */ = {
			isa = PBXFrameworksBuildPhase;
			buildActionMask = 2147483647;
			files = (
			);
			runOnlyForDeploymentPostprocessing = 0;
		};
/* End PBXFrameworksBuildPhase section */

/* Begin PBXGroup section */
		9CD387D9216AAC45000ED69D = {
			isa = PBXGroup;
			children = (
				9CD387E4216AAC45000ED69D /* Quiz */,
				9CD387F9216AAC46000ED69D /* QuizTests */,
				9CD38804216AAC46000ED69D /* QuizUITests */,
				9CD387E3216AAC45000ED69D /* Products */,
			);
			sourceTree = "<group>";
		};
		9CD387E3216AAC45000ED69D /* Products */ = {
			isa = PBXGroup;
			children = (
				9CD387E2216AAC45000ED69D /* Quiz.app */,
				9CD387F6216AAC46000ED69D /* QuizTests.xctest */,
				9CD38801216AAC46000ED69D /* QuizUITests.xctest */,
			);
			name = Products;
			sourceTree = "<group>";
		};
		9CD387E4216AAC45000ED69D /* Quiz */ = {
			isa = PBXGroup;
			children = (
				9CD387E5216AAC45000ED69D /* AppDelegate.swift */,
				9CD387E7216AAC45000ED69D /* ViewController.swift */,
				9CD387E9216AAC45000ED69D /* Main.storyboard */,
				9CD387EC216AAC46000ED69D /* Assets.xcassets */,
				9CD387EE216AAC46000ED69D /* LaunchScreen.storyboard */,
				9CD387F1216AAC46000ED69D /* Info.plist */,
			);
			path = Quiz;
			sourceTree = "<group>";
		};
		9CD387F9216AAC46000ED69D /* QuizTests */ = {
			isa = PBXGroup;
			children = (
				9CD387FA216AAC46000ED69D /* QuizTests.swift */,
				9CD387FC216AAC46000ED69D /* Info.plist */,
			);
			path = QuizTests;
			sourceTree = "<group>";
		};
		9CD38804216AAC46000ED69D /* QuizUITests */ = {
			isa = PBXGroup;
			children = (
				9CD38805216AAC46000ED69D /* QuizUITests.swift */,
				9CD38807216AAC46000ED69D /* Info.plist */,
			);
			path = QuizUITests;
			sourceTree = "<group>";
		};
/* End PBXGroup section */

/* Begin PBXNativeTarget section */
		9CD387E1216AAC45000ED69D /* Quiz */ = {
			isa = PBXNativeTarget;
			buildConfigurationList = 9CD3880A216AAC46000ED69D /* Build configuration list for PBXNativeTarget "Quiz" */;
			buildPhases = (
				9CD387DE216AAC45000ED69D /* Sources */,
				9CD387DF216AAC45000ED69D /* Frameworks */,
				9CD387E0216AAC45000ED69D /* Resources */,
			);
			buildRules = (
			);
			dependencies = (
			);
			name = Quiz;
			productName = Quiz;
			productReference = 9CD387E2216AAC45000ED69D /* Quiz.app */;
			productType = "com.apple.product-type.application";
		};
		9CD387F5216AAC46000ED69D /* QuizTests */ = {
			isa = PBXNativeTarget;
			buildConfigurationList = 9CD3880D216AAC46000ED69D /* Build configuration list for PBXNativeTarget "QuizTests" */;
			buildPhases = (
				9CD387F2216AAC46000ED69D /* Sources */,
				9CD387F3216AAC46000ED69D /* Frameworks */,
				9CD387F4216AAC46000ED69D /* Resources */,
			);
			buildRules = (
			);
			dependencies = (
				9CD387F8216AAC46000ED69D /* PBXTargetDependency */,
			);
			name = QuizTests;
			productName = QuizTests;
			productReference = 9CD387F6216AAC46000ED69D /* QuizTests.xctest */;
			productType = "com.apple.product-type.bundle.unit-test";
		};
		9CD38800216AAC46000ED69D /* QuizUITests */ = {
			isa = PBXNativeTarget;
			buildConfigurationList = 9CD38810216AAC46000ED69D /* Build configuration list for PBXNativeTarget "QuizUITests" */;
			buildPhases = (
				9CD387FD216AAC46000ED69D /* Sources */,
				9CD387FE216AAC46000ED69D /* Frameworks */,
				9CD387FF216AAC46000ED69D /* Resources */,
			);
			buildRules = (
			);
			dependencies = (
				9CD38803216AAC46000ED69D /* PBXTargetDependency */,
			);
			name = QuizUITests;
			productName = QuizUITests;
			productReference = 9CD38801216AAC46000ED69D /* QuizUITests.xctest */;
			productType = "com.apple.product-type.bundle.ui-testing";
		};
/* End PBXNativeTarget section */

/* Begin PBXProject section */
		9CD387DA216AAC45000ED69D /* Project object */ = {
			isa = PBXProject;
			attributes = {
				LastSwiftUpdateCheck = 1000;
				LastUpgradeCheck = 1000;
				ORGANIZATIONNAME = "Patrick Temple";
				TargetAttributes = {
					9CD387E1216AAC45000ED69D = {
						CreatedOnToolsVersion = 10.0;
					};
					9CD387F5216AAC46000ED69D = {
						CreatedOnToolsVersion = 10.0;
						TestTargetID = 9CD387E1216AAC45000ED69D;
					};
					9CD38800216AAC46000ED69D = {
						CreatedOnToolsVersion = 10.0;
						TestTargetID = 9CD387E1216AAC45000ED69D;
					};
				};
			};
			buildConfigurationList = 9CD387DD216AAC45000ED69D /* Build configuration list for PBXProject "Quiz" */;
			compatibilityVersion = "Xcode 9.3";
			developmentRegion = en;
			hasScannedForEncodings = 0;
			knownRegions = (
				en,
				Base,
			);
			mainGroup = 9CD387D9216AAC45000ED69D;
			productRefGroup = 9CD387E3216AAC45000ED69D /* Products */;
			projectDirPath = "";
			projectRoot = "";
			targets = (
				9CD387E1216AAC45000ED69D /* Quiz */,
				9CD387F5216AAC46000ED69D /* QuizTests */,
				9CD38800216AAC46000ED69D /* QuizUITests */,
			);
		};
/* End PBXProject section */

/* Begin PBXResourcesBuildPhase section */
		9CD387E0216AAC45000ED69D /* Resources */ = {
			isa = PBXResourcesBuildPhase;
			buildActionMask = 2147483647;
			files = (
				9CD387F0216AAC46000ED69D /* LaunchScreen.storyboard in Resources */,
				9CD387ED216AAC46000ED69D /* Assets.xcassets in Resources */,
				9CD387EB216AAC45000ED69D /* Main.storyboard in Resources */,
			);
			runOnlyForDeploymentPostprocessing = 0;
		};
		9CD387F4216AAC46000ED69D /* Resources */ = {
			isa = PBXResourcesBuildPhase;
			buildActionMask = 2147483647;
			files = (
			);
			runOnlyForDeploymentPostprocessing = 0;
		};
		9CD387FF216AAC46000ED69D /* Resources */ = {
			isa = PBXResourcesBuildPhase;
			buildActionMask = 2147483647;
			files = (
			);
			runOnlyForDeploymentPostprocessing = 0;
		};
/* End PBXResourcesBuildPhase section */

/* Begin PBXSourcesBuildPhase section */
		9CD387DE216AAC45000ED69D /* Sources */ = {
			isa = PBXSourcesBuildPhase;
			buildActionMask = 2147483647;
			files = (
				9CD387E8216AAC45000ED69D /* ViewController.swift in Sources */,
				9CD387E6216AAC45000ED69D /* AppDelegate.swift in Sources */,
			);
			runOnlyForDeploymentPostprocessing = 0;
		};
		9CD387F2216AAC46000ED69D /* Sources */ = {
			isa = PBXSourcesBuildPhase;
			buildActionMask = 2147483647;
			files = (
				9CD387FB216AAC46000ED69D /* QuizTests.swift in Sources */,
			);
			runOnlyForDeploymentPostprocessing = 0;
		};
		9CD387FD216AAC46000ED69D /* Sources */ = {
			isa = PBXSourcesBuildPhase;
			buildActionMask = 2147483647;
			files = (
				9CD38806216AAC46000ED69D /* QuizUITests.swift in Sources */,
			);
			runOnlyForDeploymentPostprocessing = 0;
		};
/* End PBXSourcesBuildPhase section */

/* Begin PBXTargetDependency section */
		9CD387F8216AAC46000ED69D /* PBXTargetDependency */ = {
			isa = PBXTargetDependency;
			target = 9CD387E1216AAC45000ED69D /* Quiz */;
			targetProxy = 9CD387F7216AAC46000ED69D /* PBXContainerItemProxy */;
		};
		9CD38803216AAC46000ED69D /* PBXTargetDependency */ = {
			isa = PBXTargetDependency;
			target = 9CD387E1216AAC45000ED69D /* Quiz */;
			targetProxy = 9CD38802216AAC46000ED69D /* PBXContainerItemProxy */;
		};
/* End PBXTargetDependency section */

/* Begin PBXVariantGroup section */
		9CD387E9216AAC45000ED69D /* Main.storyboard */ = {
			isa = PBXVariantGroup;
			children = (
				9CD387EA216AAC45000ED69D /* Base */,
			);
			name = Main.storyboard;
			sourceTree = "<group>";
		};
		9CD387EE216AAC46000ED69D /* LaunchScreen.storyboard */ = {
			isa = PBXVariantGroup;
			children = (
				9CD387EF216AAC46000ED69D /* Base */,
			);
			name = LaunchScreen.storyboard;
			sourceTree = "<group>";
		};
/* End PBXVariantGroup section */

/* Begin XCBuildConfiguration section */
		9CD38808216AAC46000ED69D /* Debug */ = {
			isa = XCBuildConfiguration;
			buildSettings = {
				ALWAYS_SEARCH_USER_PATHS = NO;
				CLANG_ANALYZER_NONNULL = YES;
				CLANG_ANALYZER_NUMBER_OBJECT_CONVERSION = YES_AGGRESSIVE;
				CLANG_CXX_LANGUAGE_STANDARD = "gnu++14";
				CLANG_CXX_LIBRARY = "libc++";
				CLANG_ENABLE_MODULES = YES;
				CLANG_ENABLE_OBJC_ARC = YES;
				CLANG_ENABLE_OBJC_WEAK = YES;
				CLANG_WARN_BLOCK_CAPTURE_AUTORELEASING = YES;
				CLANG_WARN_BOOL_CONVERSION = YES;
				CLANG_WARN_COMMA = YES;
				CLANG_WARN_CONSTANT_CONVERSION = YES;
				CLANG_WARN_DEPRECATED_OBJC_IMPLEMENTATIONS = YES;
				CLANG_WARN_DIRECT_OBJC_ISA_USAGE = YES_ERROR;
				CLANG_WARN_DOCUMENTATION_COMMENTS = YES;
				CLANG_WARN_EMPTY_BODY = YES;
				CLANG_WARN_ENUM_CONVERSION = YES;
				CLANG_WARN_INFINITE_RECURSION = YES;
				CLANG_WARN_INT_CONVERSION = YES;
				CLANG_WARN_NON_LITERAL_NULL_CONVERSION = YES;
				CLANG_WARN_OBJC_IMPLICIT_RETAIN_SELF = YES;
				CLANG_WARN_OBJC_LITERAL_CONVERSION = YES;
				CLANG_WARN_OBJC_ROOT_CLASS = YES_ERROR;
				CLANG_WARN_RANGE_LOOP_ANALYSIS = YES;
				CLANG_WARN_STRICT_PROTOTYPES = YES;
				CLANG_WARN_SUSPICIOUS_MOVE = YES;
				CLANG_WARN_UNGUARDED_AVAILABILITY = YES_AGGRESSIVE;
				CLANG_WARN_UNREACHABLE_CODE = YES;
				CLANG_WARN__DUPLICATE_METHOD_MATCH = YES;
				CODE_SIGN_IDENTITY = "iPhone Developer";
				COPY_PHASE_STRIP = NO;
				DEBUG_INFORMATION_FORMAT = dwarf;
				ENABLE_STRICT_OBJC_MSGSEND = YES;
				ENABLE_TESTABILITY = YES;
				GCC_C_LANGUAGE_STANDARD = gnu11;
				GCC_DYNAMIC_NO_PIC = NO;
				GCC_NO_COMMON_BLOCKS = YES;
				GCC_OPTIMIZATION_LEVEL = 0;
				GCC_PREPROCESSOR_DEFINITIONS = (
					"DEBUG=1",
					"$(inherited)",
				);
				GCC_WARN_64_TO_32_BIT_CONVERSION = YES;
				GCC_WARN_ABOUT_RETURN_TYPE = YES_ERROR;
				GCC_WARN_UNDECLARED_SELECTOR = YES;
				GCC_WARN_UNINITIALIZED_AUTOS = YES_AGGRESSIVE;
				GCC_WARN_UNUSED_FUNCTION = YES;
				GCC_WARN_UNUSED_VARIABLE = YES;
				IPHONEOS_DEPLOYMENT_TARGET = 12.0;
				MTL_ENABLE_DEBUG_INFO = INCLUDE_SOURCE;
				MTL_FAST_MATH = YES;
				ONLY_ACTIVE_ARCH = YES;
				SDKROOT = iphoneos;
				SWIFT_ACTIVE_COMPILATION_CONDITIONS = DEBUG;
				SWIFT_OPTIMIZATION_LEVEL = "-Onone";
			};
			name = Debug;
		};
		9CD38809216AAC46000ED69D /* Release */ = {
			isa = XCBuildConfiguration;
			buildSettings = {
				ALWAYS_SEARCH_USER_PATHS = NO;
				CLANG_ANALYZER_NONNULL = YES;
				CLANG_ANALYZER_NUMBER_OBJECT_CONVERSION = YES_AGGRESSIVE;
				CLANG_CXX_LANGUAGE_STANDARD = "gnu++14";
				CLANG_CXX_LIBRARY = "libc++";
				CLANG_ENABLE_MODULES = YES;
				CLANG_ENABLE_OBJC_ARC = YES;
				CLANG_ENABLE_OBJC_WEAK = YES;
				CLANG_WARN_BLOCK_CAPTURE_AUTORELEASING = YES;
				CLANG_WARN_BOOL_CONVERSION = YES;
				CLANG_WARN_COMMA = YES;
				CLANG_WARN_CONSTANT_CONVERSION = YES;
				CLANG_WARN_DEPRECATED_OBJC_IMPLEMENTATIONS = YES;
				CLANG_WARN_DIRECT_OBJC_ISA_USAGE = YES_ERROR;
				CLANG_WARN_DOCUMENTATION_COMMENTS = YES;
				CLANG_WARN_EMPTY_BODY = YES;
				CLANG_WARN_ENUM_CONVERSION = YES;
				CLANG_WARN_INFINITE_RECURSION = YES;
				CLANG_WARN_INT_CONVERSION = YES;
				CLANG_WARN_NON_LITERAL_NULL_CONVERSION = YES;
				CLANG_WARN_OBJC_IMPLICIT_RETAIN_SELF = YES;
				CLANG_WARN_OBJC_LITERAL_CONVERSION = YES;
				CLANG_WARN_OBJC_ROOT_CLASS = YES_ERROR;
				CLANG_WARN_RANGE_LOOP_ANALYSIS = YES;
				CLANG_WARN_STRICT_PROTOTYPES = YES;
				CLANG_WARN_SUSPICIOUS_MOVE = YES;
				CLANG_WARN_UNGUARDED_AVAILABILITY = YES_AGGRESSIVE;
				CLANG_WARN_UNREACHABLE_CODE = YES;
				CLANG_WARN__DUPLICATE_METHOD_MATCH = YES;
				CODE_SIGN_IDENTITY = "iPhone Developer";
				COPY_PHASE_STRIP = NO;
				DEBUG_INFORMATION_FORMAT = "dwarf-with-dsym";
				ENABLE_NS_ASSERTIONS = NO;
				ENABLE_STRICT_OBJC_MSGSEND = YES;
				GCC_C_LANGUAGE_STANDARD = gnu11;
				GCC_NO_COMMON_BLOCKS = YES;
				GCC_WARN_64_TO_32_BIT_CONVERSION = YES;
				GCC_WARN_ABOUT_RETURN_TYPE = YES_ERROR;
				GCC_WARN_UNDECLARED_SELECTOR = YES;
				GCC_WARN_UNINITIALIZED_AUTOS = YES_AGGRESSIVE;
				GCC_WARN_UNUSED_FUNCTION = YES;
				GCC_WARN_UNUSED_VARIABLE = YES;
				IPHONEOS_DEPLOYMENT_TARGET = 12.0;
				MTL_ENABLE_DEBUG_INFO = NO;
				MTL_FAST_MATH = YES;
				SDKROOT = iphoneos;
				SWIFT_COMPILATION_MODE = wholemodule;
				SWIFT_OPTIMIZATION_LEVEL = "-O";
				VALIDATE_PRODUCT = YES;
			};
			name = Release;
		};
		9CD3880B216AAC46000ED69D /* Debug */ = {
			isa = XCBuildConfiguration;
			buildSettings = {
				ASSETCATALOG_COMPILER_APPICON_NAME = AppIcon;
				CODE_SIGN_STYLE = Automatic;
				INFOPLIST_FILE = Quiz/Info.plist;
				LD_RUNPATH_SEARCH_PATHS = (
					"$(inherited)",
					"@executable_path/Frameworks",
				);
				PRODUCT_BUNDLE_IDENTIFIER = com.patricktemple.Quiz;
				PRODUCT_NAME = "$(TARGET_NAME)";
				SWIFT_VERSION = 4.2;
				TARGETED_DEVICE_FAMILY = "1,2";
			};
			name = Debug;
		};
		9CD3880C216AAC46000ED69D /* Release */ = {
			isa = XCBuildConfiguration;
			buildSettings = {
				ASSETCATALOG_COMPILER_APPICON_NAME = AppIcon;
				CODE_SIGN_STYLE = Automatic;
				INFOPLIST_FILE = Quiz/Info.plist;
				LD_RUNPATH_SEARCH_PATHS = (
					"$(inherited)",
					"@executable_path/Frameworks",
				);
				PRODUCT_BUNDLE_IDENTIFIER = com.patricktemple.Quiz;
				PRODUCT_NAME = "$(TARGET_NAME)";
				SWIFT_VERSION = 4.2;
				TARGETED_DEVICE_FAMILY = "1,2";
			};
			name = Release;
		};
		9CD3880E216AAC46000ED69D /* Debug */ = {
			isa = XCBuildConfiguration;
			buildSettings = {
				ALWAYS_EMBED_SWIFT_STANDARD_LIBRARIES = YES;
				BUNDLE_LOADER = "$(TEST_HOST)";
				CODE_SIGN_STYLE = Automatic;
				INFOPLIST_FILE = QuizTests/Info.plist;
				LD_RUNPATH_SEARCH_PATHS = (
					"$(inherited)",
					"@executable_path/Frameworks",
					"@loader_path/Frameworks",
				);
				PRODUCT_BUNDLE_IDENTIFIER = com.patricktemple.QuizTests;
				PRODUCT_NAME = "$(TARGET_NAME)";
				SWIFT_VERSION = 4.2;
				TARGETED_DEVICE_FAMILY = "1,2";
				TEST_HOST = "$(BUILT_PRODUCTS_DIR)/Quiz.app/Quiz";
			};
			name = Debug;
		};
		9CD3880F216AAC46000ED69D /* Release */ = {
			isa = XCBuildConfiguration;
			buildSettings = {
				ALWAYS_EMBED_SWIFT_STANDARD_LIBRARIES = YES;
				BUNDLE_LOADER = "$(TEST_HOST)";
				CODE_SIGN_STYLE = Automatic;
				INFOPLIST_FILE = QuizTests/Info.plist;
				LD_RUNPATH_SEARCH_PATHS = (
					"$(inherited)",
					"@executable_path/Frameworks",
					"@loader_path/Frameworks",
				);
				PRODUCT_BUNDLE_IDENTIFIER = com.patricktemple.QuizTests;
				PRODUCT_NAME = "$(TARGET_NAME)";
				SWIFT_VERSION = 4.2;
				TARGETED_DEVICE_FAMILY = "1,2";
				TEST_HOST = "$(BUILT_PRODUCTS_DIR)/Quiz.app/Quiz";
			};
			name = Release;
		};
		9CD38811216AAC46000ED69D /* Debug */ = {
			isa = XCBuildConfiguration;
			buildSettings = {
				ALWAYS_EMBED_SWIFT_STANDARD_LIBRARIES = YES;
				CODE_SIGN_STYLE = Automatic;
				INFOPLIST_FILE = QuizUITests/Info.plist;
				LD_RUNPATH_SEARCH_PATHS = (
					"$(inherited)",
					"@executable_path/Frameworks",
					"@loader_path/Frameworks",
				);
				PRODUCT_BUNDLE_IDENTIFIER = com.patricktemple.QuizUITests;
				PRODUCT_NAME = "$(TARGET_NAME)";
				SWIFT_VERSION = 4.2;
				TARGETED_DEVICE_FAMILY = "1,2";
				TEST_TARGET_NAME = Quiz;
			};
			name = Debug;
		};
		9CD38812216AAC46000ED69D /* Release */ = {
			isa = XCBuildConfiguration;
			buildSettings = {
				ALWAYS_EMBED_SWIFT_STANDARD_LIBRARIES = YES;
				CODE_SIGN_STYLE = Automatic;
				INFOPLIST_FILE = QuizUITests/Info.plist;
				LD_RUNPATH_SEARCH_PATHS = (
					"$(inherited)",
					"@executable_path/Frameworks",
					"@loader_path/Frameworks",
				);
				PRODUCT_BUNDLE_IDENTIFIER = com.patricktemple.QuizUITests;
				PRODUCT_NAME = "$(TARGET_NAME)";
				SWIFT_VERSION = 4.2;
				TARGETED_DEVICE_FAMILY = "1,2";
				TEST_TARGET_NAME = Quiz;
			};
			name = Release;
		};
/* End XCBuildConfiguration section */

/* Begin XCConfigurationList section */
		9CD387DD216AAC45000ED69D /* Build configuration list for PBXProject "Quiz" */ = {
			isa = XCConfigurationList;
			buildConfigurations = (
				9CD38808216AAC46000ED69D /* Debug */,
				9CD38809216AAC46000ED69D /* Release */,
			);
			defaultConfigurationIsVisible = 0;
			defaultConfigurationName = Release;
		};
		9CD3880A216AAC46000ED69D /* Build configuration list for PBXNativeTarget "Quiz" */ = {
			isa = XCConfigurationList;
			buildConfigurations = (
				9CD3880B216AAC46000ED69D /* Debug */,
				9CD3880C216AAC46000ED69D /* Release */,
			);
			defaultConfigurationIsVisible = 0;
			defaultConfigurationName = Release;
		};
		9CD3880D216AAC46000ED69D /* Build configuration list for PBXNativeTarget "QuizTests" */ = {
			isa = XCConfigurationList;
			buildConfigurations = (
				9CD3880E216AAC46000ED69D /* Debug */,
				9CD3880F216AAC46000ED69D /* Release */,
			);
			defaultConfigurationIsVisible = 0;
			defaultConfigurationName = Release;
		};
		9CD38810216AAC46000ED69D /* Build configuration list for PBXNativeTarget "QuizUITests" */ = {
			isa = XCConfigurationList;
			buildConfigurations = (
				9CD38811216AAC46000ED69D /* Debug */,
				9CD38812216AAC46000ED69D /* Release */,
			);
			defaultConfigurationIsVisible = 0;
			defaultConfigurationName = Release;
		};
/* End XCConfigurationList section */
	};
	rootObject = 9CD387DA216AAC45000ED69D /* Project object */;
}
